
Microsoft Visual Studio Solution File, Format Version 12.00
# Visual Studio Version 17
VisualStudioVersion = 17.7.34031.279
MinimumVisualStudioVersion = 10.0.40219.1
Project("{888888A0-9F3D-457C-B088-3A5042F75D52}") = "conwaysgame", "conwaysgame\conwaysgame.pyproj", "{8977CB6A-45BF-4597-B7F7-7B8574425633}"
EndProject
Global
	GlobalSection(SolutionConfigurationPlatforms) = preSolution
		Debug|Any CPU = Debug|Any CPU
		Release|Any CPU = Release|Any CPU
	EndGlobalSection
	GlobalSection(ProjectConfigurationPlatforms) = postSolution
		{8977CB6A-45BF-4597-B7F7-7B8574425633}.Debug|Any CPU.ActiveCfg = Debug|Any CPU
		{8977CB6A-45BF-4597-B7F7-7B8574425633}.Release|Any CPU.ActiveCfg = Release|Any CPU
	EndGlobalSection
	GlobalSection(SolutionProperties) = preSolution
		HideSolutionNode = FALSE
	EndGlobalSection
	GlobalSection(ExtensibilityGlobals) = postSolution
		SolutionGuid = {FBD753A1-D869-4718-A82F-C8979B5C5557}
	EndGlobalSection
EndGlobal
